
Microsoft Visual Studio Solution File, Format Version 12.00
# Visual Studio Version 17
VisualStudioVersion = 17.3.32819.101
MinimumVisualStudioVersion = 10.0.40219.1
Project("{FAE04EC0-301F-11D3-BF4B-00C04F79EFBC}") = "testHomeWork11", "testHomeWork11.csproj", "{1B17A3A7-0896-4D3B-AF3E-698A078D943B}"
EndProject
Global
	GlobalSection(SolutionConfigurationPlatforms) = preSolution
		Debug|Any CPU = Debug|Any CPU
		Release|Any CPU = Release|Any CPU
	EndGlobalSection
	GlobalSection(ProjectConfigurationPlatforms) = postSolution
		{1B17A3A7-0896-4D3B-AF3E-698A078D943B}.Debug|Any CPU.ActiveCfg = Debug|Any CPU
		{1B17A3A7-0896-4D3B-AF3E-698A078D943B}.Debug|Any CPU.Build.0 = Debug|Any CPU
		{1B17A3A7-0896-4D3B-AF3E-698A078D943B}.Release|Any CPU.ActiveCfg = Release|Any CPU
		{1B17A3A7-0896-4D3B-AF3E-698A078D943B}.Release|Any CPU.Build.0 = Release|Any CPU
	EndGlobalSection
	GlobalSection(SolutionProperties) = preSolution
		HideSolutionNode = FALSE
	EndGlobalSection
	GlobalSection(ExtensibilityGlobals) = postSolution
		SolutionGuid = {74F041EA-E000-468F-96C0-857564DB9D5F}
	EndGlobalSection
EndGlobal
